
Microsoft Visual Studio Solution File, Format Version 12.00
Project("{FAE04EC0-301F-11D3-BF4B-00C04F79EFBC}") = "saarXiv", "saarXiv.csproj", "{CF499566-F487-4327-85EE-2CA2434ACE2B}"
EndProject
Global
	GlobalSection(SolutionConfigurationPlatforms) = preSolution
		Debug|Any CPU = Debug|Any CPU
		Release|Any CPU = Release|Any CPU
	EndGlobalSection
	GlobalSection(ProjectConfigurationPlatforms) = postSolution
		{CF499566-F487-4327-85EE-2CA2434ACE2B}.Debug|Any CPU.ActiveCfg = Debug|Any CPU
		{CF499566-F487-4327-85EE-2CA2434ACE2B}.Debug|Any CPU.Build.0 = Debug|Any CPU
		{CF499566-F487-4327-85EE-2CA2434ACE2B}.Release|Any CPU.ActiveCfg = Release|Any CPU
		{CF499566-F487-4327-85EE-2CA2434ACE2B}.Release|Any CPU.Build.0 = Release|Any CPU
		{7397F89A-E85C-453F-BF4E-B8B4CA77185F}.Debug|Any CPU.ActiveCfg = Debug|Any CPU
		{7397F89A-E85C-453F-BF4E-B8B4CA77185F}.Debug|Any CPU.Build.0 = Debug|Any CPU
		{7397F89A-E85C-453F-BF4E-B8B4CA77185F}.Release|Any CPU.ActiveCfg = Release|Any CPU
		{7397F89A-E85C-453F-BF4E-B8B4CA77185F}.Release|Any CPU.Build.0 = Release|Any CPU
	EndGlobalSection
EndGlobal
